
Microsoft Visual Studio Solution File, Format Version 12.00
# Visual Studio Version 17
VisualStudioVersion = 17.8.34316.72
MinimumVisualStudioVersion = 10.0.40219.1
Project("{FAE04EC0-301F-11D3-BF4B-00C04F79EFBC}") = "Task_5", "Task_5\Task_5.csproj", "{FDF70CF8-5F13-4537-A68C-4FA0140AB7E1}"
EndProject
Global
	GlobalSection(SolutionConfigurationPlatforms) = preSolution
		Debug|Any CPU = Debug|Any CPU
		Release|Any CPU = Release|Any CPU
	EndGlobalSection
	GlobalSection(ProjectConfigurationPlatforms) = postSolution
		{FDF70CF8-5F13-4537-A68C-4FA0140AB7E1}.Debug|Any CPU.ActiveCfg = Debug|Any CPU
		{FDF70CF8-5F13-4537-A68C-4FA0140AB7E1}.Debug|Any CPU.Build.0 = Debug|Any CPU
		{FDF70CF8-5F13-4537-A68C-4FA0140AB7E1}.Release|Any CPU.ActiveCfg = Release|Any CPU
		{FDF70CF8-5F13-4537-A68C-4FA0140AB7E1}.Release|Any CPU.Build.0 = Release|Any CPU
	EndGlobalSection
	GlobalSection(SolutionProperties) = preSolution
		HideSolutionNode = FALSE
	EndGlobalSection
	GlobalSection(ExtensibilityGlobals) = postSolution
		SolutionGuid = {EB9238DA-D4DB-4879-AA44-2A7A2249292B}
	EndGlobalSection
EndGlobal
